// !$*UTF8*$!
{
	archiveVersion = 1;
	classes = {
	};
	objectVersion = 56;
	objects = {

/* Begin PBXBuildFile section */
		2967988D2BC73F2500B199A5 /* Tile.h in Headers */ = {isa = PBXBuildFile; fileRef = 2967988C2BC73F2500B199A5 /* Tile.h */; };
		2989C5B82BC71A9B002BEFB7 /* ellekit.dylib in Frameworks */ = {isa = PBXBuildFile; fileRef = 2989C5B72BC71A9B002BEFB7 /* ellekit.dylib */; };
		2989C5BC2BC71BA4002BEFB7 /* log.h in Headers */ = {isa = PBXBuildFile; fileRef = 2989C5BA2BC71BA4002BEFB7 /* log.h */; };
		2989C5BD2BC71BA4002BEFB7 /* log.m in Sources */ = {isa = PBXBuildFile; fileRef = 2989C5BB2BC71BA4002BEFB7 /* log.m */; };
		29D49EB02BC7198E00444592 /* main.m in Sources */ = {isa = PBXBuildFile; fileRef = 29D49EAF2BC7198E00444592 /* main.m */; };
		29D49EB32BC719C400444592 /* substrate.h in Headers */ = {isa = PBXBuildFile; fileRef = 29D49EB22BC719C400444592 /* substrate.h */; };
		29E8D0AE2BC7C09E00342F5E /* DOCKTileLayer.h in Headers */ = {isa = PBXBuildFile; fileRef = 29E8D0AD2BC7C09E00342F5E /* DOCKTileLayer.h */; };
/* End PBXBuildFile section */

/* Begin PBXFileReference section */
		2967988C2BC73F2500B199A5 /* Tile.h */ = {isa = PBXFileReference; fileEncoding = 4; lastKnownFileType = sourcecode.c.h; path = Tile.h; sourceTree = "<group>"; };
		2989C5B72BC71A9B002BEFB7 /* ellekit.dylib */ = {isa = PBXFileReference; lastKnownFileType = "compiled.mach-o.dylib"; name = ellekit.dylib; path = ../../../Library/TweakInject/ellekit.dylib; sourceTree = "<group>"; };
		2989C5BA2BC71BA4002BEFB7 /* log.h */ = {isa = PBXFileReference; lastKnownFileType = sourcecode.c.h; path = log.h; sourceTree = "<group>"; };
		2989C5BB2BC71BA4002BEFB7 /* log.m */ = {isa = PBXFileReference; lastKnownFileType = sourcecode.c.objc; path = log.m; sourceTree = "<group>"; };
		299D889F2BC7DB310052F1B7 /* README.md */ = {isa = PBXFileReference; lastKnownFileType = net.daringfireball.markdown; path = README.md; sourceTree = "<group>"; };
		299D88A12BC7DB510052F1B7 /* dock-with-only-finder-icons.png */ = {isa = PBXFileReference; lastKnownFileType = image.png; path = "dock-with-only-finder-icons.png"; sourceTree = "<group>"; };
		29C31B732BC719280004CB07 /* libchange-icon.dylib */ = {isa = PBXFileReference; explicitFileType = "compiled.mach-o.dylib"; includeInIndex = 0; path = "libchange-icon.dylib"; sourceTree = BUILT_PRODUCTS_DIR; };
		29D49EAF2BC7198E00444592 /* main.m */ = {isa = PBXFileReference; lastKnownFileType = sourcecode.c.objc; path = main.m; sourceTree = "<group>"; };
		29D49EB12BC7199F00444592 /* libchange-icon.plist */ = {isa = PBXFileReference; lastKnownFileType = text.plist; path = "libchange-icon.plist"; sourceTree = "<group>"; };
		29D49EB22BC719C400444592 /* substrate.h */ = {isa = PBXFileReference; fileEncoding = 4; lastKnownFileType = sourcecode.c.h; path = substrate.h; sourceTree = "<group>"; };
		29E8D0AD2BC7C09E00342F5E /* DOCKTileLayer.h */ = {isa = PBXFileReference; fileEncoding = 4; lastKnownFileType = sourcecode.c.h; path = DOCKTileLayer.h; sourceTree = "<group>"; };
		29E8D0B02BC7C4EB00342F5E /* CoreGraphics.framework */ = {isa = PBXFileReference; lastKnownFileType = wrapper.framework; name = CoreGraphics.framework; path = System/Library/Frameworks/CoreGraphics.framework; sourceTree = SDKROOT; };
/* End PBXFileReference section */

/* Begin PBXFrameworksBuildPhase section */
		29C31B712BC719280004CB07 /* Frameworks */ = {
			isa = PBXFrameworksBuildPhase;
			buildActionMask = 2147483647;
			files = (
				2989C5B82BC71A9B002BEFB7 /* ellekit.dylib in Frameworks */,
			);
			runOnlyForDeploymentPostprocessing = 0;
		};
/* End PBXFrameworksBuildPhase section */

/* Begin PBXGroup section */
		2989C5B62BC71A9B002BEFB7 /* Frameworks */ = {
			isa = PBXGroup;
			children = (
				29E8D0B02BC7C4EB00342F5E /* CoreGraphics.framework */,
				2989C5B72BC71A9B002BEFB7 /* ellekit.dylib */,
			);
			name = Frameworks;
			sourceTree = "<group>";
		};
		299D88A02BC7DB3D0052F1B7 /* Images */ = {
			isa = PBXGroup;
			children = (
				299D88A12BC7DB510052F1B7 /* dock-with-only-finder-icons.png */,
			);
			path = Images;
			sourceTree = "<group>";
		};
		29C31B6A2BC719280004CB07 = {
			isa = PBXGroup;
			children = (
				299D88A02BC7DB3D0052F1B7 /* Images */,
				299D889F2BC7DB310052F1B7 /* README.md */,
				29D49EAE2BC7197600444592 /* change-icon */,
				29C31B742BC719280004CB07 /* Products */,
				2989C5B62BC71A9B002BEFB7 /* Frameworks */,
			);
			sourceTree = "<group>";
		};
		29C31B742BC719280004CB07 /* Products */ = {
			isa = PBXGroup;
			children = (
				29C31B732BC719280004CB07 /* libchange-icon.dylib */,
			);
			name = Products;
			sourceTree = "<group>";
		};
		29D49EAE2BC7197600444592 /* change-icon */ = {
			isa = PBXGroup;
			children = (
				29E8D0AF2BC7C0A500342F5E /* Headers */,
				29D49EB12BC7199F00444592 /* libchange-icon.plist */,
				2989C5BA2BC71BA4002BEFB7 /* log.h */,
				2989C5BB2BC71BA4002BEFB7 /* log.m */,
				29D49EB22BC719C400444592 /* substrate.h */,
				29D49EAF2BC7198E00444592 /* main.m */,
			);
			path = "change-icon";
			sourceTree = "<group>";
		};
		29E8D0AF2BC7C0A500342F5E /* Headers */ = {
			isa = PBXGroup;
			children = (
				2967988C2BC73F2500B199A5 /* Tile.h */,
				29E8D0AD2BC7C09E00342F5E /* DOCKTileLayer.h */,
			);
			path = Headers;
			sourceTree = "<group>";
		};
/* End PBXGroup section */

/* Begin PBXHeadersBuildPhase section */
		29C31B6F2BC719280004CB07 /* Headers */ = {
			isa = PBXHeadersBuildPhase;
			buildActionMask = 2147483647;
			files = (
				2967988D2BC73F2500B199A5 /* Tile.h in Headers */,
				29E8D0AE2BC7C09E00342F5E /* DOCKTileLayer.h in Headers */,
				29D49EB32BC719C400444592 /* substrate.h in Headers */,
				2989C5BC2BC71BA4002BEFB7 /* log.h in Headers */,
			);
			runOnlyForDeploymentPostprocessing = 0;
		};
/* End PBXHeadersBuildPhase section */

/* Begin PBXNativeTarget section */
		29C31B722BC719280004CB07 /* change-icon */ = {
			isa = PBXNativeTarget;
			buildConfigurationList = 29C31B772BC719280004CB07 /* Build configuration list for PBXNativeTarget "change-icon" */;
			buildPhases = (
				29C31B6F2BC719280004CB07 /* Headers */,
				29C31B702BC719280004CB07 /* Sources */,
				29C31B712BC719280004CB07 /* Frameworks */,
				2989C5B92BC71AB8002BEFB7 /* ShellScript */,
			);
			buildRules = (
			);
			dependencies = (
			);
			name = "change-icon";
			productName = "dock-tweak";
			productReference = 29C31B732BC719280004CB07 /* libchange-icon.dylib */;
			productType = "com.apple.product-type.library.dynamic";
		};
/* End PBXNativeTarget section */

/* Begin PBXProject section */
		29C31B6B2BC719280004CB07 /* Project object */ = {
			isa = PBXProject;
			attributes = {
				BuildIndependentTargetsInParallel = 1;
				LastUpgradeCheck = 1420;
				TargetAttributes = {
					29C31B722BC719280004CB07 = {
						CreatedOnToolsVersion = 14.2;
					};
				};
			};
			buildConfigurationList = 29C31B6E2BC719280004CB07 /* Build configuration list for PBXProject "dock-tweak" */;
			compatibilityVersion = "Xcode 14.0";
			developmentRegion = en;
			hasScannedForEncodings = 0;
			knownRegions = (
				en,
				Base,
			);
			mainGroup = 29C31B6A2BC719280004CB07;
			productRefGroup = 29C31B742BC719280004CB07 /* Products */;
			projectDirPath = "";
			projectRoot = "";
			targets = (
				29C31B722BC719280004CB07 /* change-icon */,
			);
		};
/* End PBXProject section */

/* Begin PBXShellScriptBuildPhase section */
		2989C5B92BC71AB8002BEFB7 /* ShellScript */ = {
			isa = PBXShellScriptBuildPhase;
			buildActionMask = 2147483647;
			files = (
			);
			inputFileListPaths = (
			);
			inputPaths = (
			);
			outputFileListPaths = (
			);
			outputPaths = (
			);
			runOnlyForDeploymentPostprocessing = 0;
			shellPath = /bin/sh;
			shellScript = "# Type a script or drag a script file from your workspace to insert its path.\n# Delete old version of the tweak\nssh VenturaVM 'rm /Library/TweakInject/libchange-icon.dylib /Library/TweakInject/libchange-icon.plist /Users/jb/log_dock.txt'\n\n#Copy the tweak\nscp $TARGET_BUILD_DIR/*.dylib $PROJECT_DIR/change-icon/*.plist VenturaVM:/Library/TweakInject\necho \"Tweak copied to VM\"\n\n# Reload Dock\nssh VenturaVM 'killall Dock'\n";
		};
/* End PBXShellScriptBuildPhase section */

/* Begin PBXSourcesBuildPhase section */
		29C31B702BC719280004CB07 /* Sources */ = {
			isa = PBXSourcesBuildPhase;
			buildActionMask = 2147483647;
			files = (
				2989C5BD2BC71BA4002BEFB7 /* log.m in Sources */,
				29D49EB02BC7198E00444592 /* main.m in Sources */,
			);
			runOnlyForDeploymentPostprocessing = 0;
		};
/* End PBXSourcesBuildPhase section */

/* Begin XCBuildConfiguration section */
		29C31B752BC719280004CB07 /* Debug */ = {
			isa = XCBuildConfiguration;
			buildSettings = {
				ALWAYS_SEARCH_USER_PATHS = NO;
				CLANG_ANALYZER_NONNULL = YES;
				CLANG_ANALYZER_NUMBER_OBJECT_CONVERSION = YES_AGGRESSIVE;
				CLANG_CXX_LANGUAGE_STANDARD = "gnu++20";
				CLANG_ENABLE_MODULES = YES;
				CLANG_ENABLE_OBJC_ARC = YES;
				CLANG_ENABLE_OBJC_WEAK = YES;
				CLANG_WARN_BLOCK_CAPTURE_AUTORELEASING = YES;
				CLANG_WARN_BOOL_CONVERSION = YES;
				CLANG_WARN_COMMA = YES;
				CLANG_WARN_CONSTANT_CONVERSION = YES;
				CLANG_WARN_DEPRECATED_OBJC_IMPLEMENTATIONS = YES;
				CLANG_WARN_DIRECT_OBJC_ISA_USAGE = YES_ERROR;
				CLANG_WARN_DOCUMENTATION_COMMENTS = YES;
				CLANG_WARN_EMPTY_BODY = YES;
				CLANG_WARN_ENUM_CONVERSION = YES;
				CLANG_WARN_INFINITE_RECURSION = YES;
				CLANG_WARN_INT_CONVERSION = YES;
				CLANG_WARN_NON_LITERAL_NULL_CONVERSION = YES;
				CLANG_WARN_OBJC_IMPLICIT_RETAIN_SELF = YES;
				CLANG_WARN_OBJC_LITERAL_CONVERSION = YES;
				CLANG_WARN_OBJC_ROOT_CLASS = YES_ERROR;
				CLANG_WARN_QUOTED_INCLUDE_IN_FRAMEWORK_HEADER = YES;
				CLANG_WARN_RANGE_LOOP_ANALYSIS = YES;
				CLANG_WARN_STRICT_PROTOTYPES = YES;
				CLANG_WARN_SUSPICIOUS_MOVE = YES;
				CLANG_WARN_UNGUARDED_AVAILABILITY = YES_AGGRESSIVE;
				CLANG_WARN_UNREACHABLE_CODE = YES;
				CLANG_WARN__DUPLICATE_METHOD_MATCH = YES;
				COPY_PHASE_STRIP = NO;
				DEBUG_INFORMATION_FORMAT = dwarf;
				ENABLE_STRICT_OBJC_MSGSEND = YES;
				ENABLE_TESTABILITY = YES;
				GCC_C_LANGUAGE_STANDARD = gnu11;
				GCC_DYNAMIC_NO_PIC = NO;
				GCC_NO_COMMON_BLOCKS = YES;
				GCC_OPTIMIZATION_LEVEL = 0;
				GCC_PREPROCESSOR_DEFINITIONS = (
					"DEBUG=1",
					"$(inherited)",
				);
				GCC_WARN_64_TO_32_BIT_CONVERSION = YES;
				GCC_WARN_ABOUT_RETURN_TYPE = YES_ERROR;
				GCC_WARN_UNDECLARED_SELECTOR = YES;
				GCC_WARN_UNINITIALIZED_AUTOS = YES_AGGRESSIVE;
				GCC_WARN_UNUSED_FUNCTION = YES;
				GCC_WARN_UNUSED_VARIABLE = YES;
				MACOSX_DEPLOYMENT_TARGET = 13.1;
				MTL_ENABLE_DEBUG_INFO = INCLUDE_SOURCE;
				MTL_FAST_MATH = YES;
				ONLY_ACTIVE_ARCH = YES;
				SDKROOT = macosx;
			};
			name = Debug;
		};
		29C31B762BC719280004CB07 /* Release */ = {
			isa = XCBuildConfiguration;
			buildSettings = {
				ALWAYS_SEARCH_USER_PATHS = NO;
				CLANG_ANALYZER_NONNULL = YES;
				CLANG_ANALYZER_NUMBER_OBJECT_CONVERSION = YES_AGGRESSIVE;
				CLANG_CXX_LANGUAGE_STANDARD = "gnu++20";
				CLANG_ENABLE_MODULES = YES;
				CLANG_ENABLE_OBJC_ARC = YES;
				CLANG_ENABLE_OBJC_WEAK = YES;
				CLANG_WARN_BLOCK_CAPTURE_AUTORELEASING = YES;
				CLANG_WARN_BOOL_CONVERSION = YES;
				CLANG_WARN_COMMA = YES;
				CLANG_WARN_CONSTANT_CONVERSION = YES;
				CLANG_WARN_DEPRECATED_OBJC_IMPLEMENTATIONS = YES;
				CLANG_WARN_DIRECT_OBJC_ISA_USAGE = YES_ERROR;
				CLANG_WARN_DOCUMENTATION_COMMENTS = YES;
				CLANG_WARN_EMPTY_BODY = YES;
				CLANG_WARN_ENUM_CONVERSION = YES;
				CLANG_WARN_INFINITE_RECURSION = YES;
				CLANG_WARN_INT_CONVERSION = YES;
				CLANG_WARN_NON_LITERAL_NULL_CONVERSION = YES;
				CLANG_WARN_OBJC_IMPLICIT_RETAIN_SELF = YES;
				CLANG_WARN_OBJC_LITERAL_CONVERSION = YES;
				CLANG_WARN_OBJC_ROOT_CLASS = YES_ERROR;
				CLANG_WARN_QUOTED_INCLUDE_IN_FRAMEWORK_HEADER = YES;
				CLANG_WARN_RANGE_LOOP_ANALYSIS = YES;
				CLANG_WARN_STRICT_PROTOTYPES = YES;
				CLANG_WARN_SUSPICIOUS_MOVE = YES;
				CLANG_WARN_UNGUARDED_AVAILABILITY = YES_AGGRESSIVE;
				CLANG_WARN_UNREACHABLE_CODE = YES;
				CLANG_WARN__DUPLICATE_METHOD_MATCH = YES;
				COPY_PHASE_STRIP = NO;
				DEBUG_INFORMATION_FORMAT = "dwarf-with-dsym";
				ENABLE_NS_ASSERTIONS = NO;
				ENABLE_STRICT_OBJC_MSGSEND = YES;
				GCC_C_LANGUAGE_STANDARD = gnu11;
				GCC_NO_COMMON_BLOCKS = YES;
				GCC_WARN_64_TO_32_BIT_CONVERSION = YES;
				GCC_WARN_ABOUT_RETURN_TYPE = YES_ERROR;
				GCC_WARN_UNDECLARED_SELECTOR = YES;
				GCC_WARN_UNINITIALIZED_AUTOS = YES_AGGRESSIVE;
				GCC_WARN_UNUSED_FUNCTION = YES;
				GCC_WARN_UNUSED_VARIABLE = YES;
				MACOSX_DEPLOYMENT_TARGET = 13.1;
				MTL_ENABLE_DEBUG_INFO = NO;
				MTL_FAST_MATH = YES;
				SDKROOT = macosx;
			};
			name = Release;
		};
		29C31B782BC719280004CB07 /* Debug */ = {
			isa = XCBuildConfiguration;
			buildSettings = {
				ARCHS = arm64e;
				CODE_SIGN_STYLE = Automatic;
				DEVELOPMENT_TEAM = HZKZ68B3H4;
				DYLIB_COMPATIBILITY_VERSION = 1;
				DYLIB_CURRENT_VERSION = 1;
				EXECUTABLE_PREFIX = lib;
				GCC_PREPROCESSOR_DEFINITIONS = (
					"DEBUG=1",
					"$(inherited)",
					"VERBOSE=0",
				);
				LIBRARY_SEARCH_PATHS = (
					"$(inherited)",
					"$(LOCAL_LIBRARY_DIR)/TweakInject",
				);
				PRODUCT_NAME = "$(TARGET_NAME)";
				SKIP_INSTALL = YES;
			};
			name = Debug;
		};
		29C31B792BC719280004CB07 /* Release */ = {
			isa = XCBuildConfiguration;
			buildSettings = {
				ARCHS = arm64e;
				CODE_SIGN_STYLE = Automatic;
				DEVELOPMENT_TEAM = HZKZ68B3H4;
				DYLIB_COMPATIBILITY_VERSION = 1;
				DYLIB_CURRENT_VERSION = 1;
				EXECUTABLE_PREFIX = lib;
				LIBRARY_SEARCH_PATHS = (
					"$(inherited)",
					"$(LOCAL_LIBRARY_DIR)/TweakInject",
				);
				PRODUCT_NAME = "$(TARGET_NAME)";
				SKIP_INSTALL = YES;
			};
			name = Release;
		};
/* End XCBuildConfiguration section */

/* Begin XCConfigurationList section */
		29C31B6E2BC719280004CB07 /* Build configuration list for PBXProject "dock-tweak" */ = {
			isa = XCConfigurationList;
			buildConfigurations = (
				29C31B752BC719280004CB07 /* Debug */,
				29C31B762BC719280004CB07 /* Release */,
			);
			defaultConfigurationIsVisible = 0;
			defaultConfigurationName = Release;
		};
		29C31B772BC719280004CB07 /* Build configuration list for PBXNativeTarget "change-icon" */ = {
			isa = XCConfigurationList;
			buildConfigurations = (
				29C31B782BC719280004CB07 /* Debug */,
				29C31B792BC719280004CB07 /* Release */,
			);
			defaultConfigurationIsVisible = 0;
			defaultConfigurationName = Release;
		};
/* End XCConfigurationList section */
	};
	rootObject = 29C31B6B2BC719280004CB07 /* Project object */;
}
